{
  "version": 4,
  "terraform_version": "1.10.5",
  "serial": 11,
  "lineage": "ea23d1ee-68ef-529f-8126-0102e024deb8",
  "outputs": {},
  "resources": [
    {
      "mode": "managed",
      "type": "statuscake_contact_group",
      "name": "operations_team",
      "provider": "provider[\"registry.terraform.io/statuscakedev/statuscake\"]",
      "instances": [
        {
          "schema_version": 0,
          "attributes": {
            "email_addresses": [
              "Haroon@live.no"
            ],
            "id": "332553",
            "integrations": [],
            "mobile_numbers": [],
            "name": "Operations Team",
            "ping_url": "https://www.vg.no"
          },
          "sensitive_attributes": [],
          "private": "bnVsbA=="
        }
      ]
    },
    {
      "module": "module.statuscake_uptime_vg",
      "mode": "managed",
      "type": "statuscake_uptime_check",
      "name": "StatusCheck",
      "provider": "provider[\"registry.terraform.io/statuscakedev/statuscake\"]",
      "instances": [
        {
          "schema_version": 0,
          "attributes": {
            "check_interval": 300,
            "confirmation": 3,
            "contact_groups": null,
            "dns_check": [],
            "http_check": [
              {
                "basic_authentication": [],
                "content_matchers": [],
                "enable_cookies": false,
                "final_endpoint": "",
                "follow_redirects": false,
                "request_headers": null,
                "request_method": "HTTP",
                "request_payload": null,
                "request_payload_raw": "",
                "status_codes": [
                  "200"
                ],
                "timeout": 15,
                "user_agent": "",
                "validate_ssl": true
              }
            ],
            "icmp_check": [],
            "id": "7530480",
            "locations": [],
            "monitored_resource": [
              {
                "address": "https://www.vg.no",
                "host": ""
              }
            ],
            "name": "VG website Status Up Check",
            "paused": false,
            "regions": null,
            "tags": [
              "production"
            ],
            "tcp_check": [],
            "trigger_rate": 10
          },
          "sensitive_attributes": [],
          "private": "bnVsbA=="
        }
      ]
    },
    {
      "module": "module.statuscake_uptime_xkcd",
      "mode": "managed",
      "type": "statuscake_uptime_check",
      "name": "StatusCheck",
      "provider": "provider[\"registry.terraform.io/statuscakedev/statuscake\"]",
      "instances": [
        {
          "schema_version": 0,
          "attributes": {
            "check_interval": 300,
            "confirmation": 3,
            "contact_groups": null,
            "dns_check": [],
            "http_check": [
              {
                "basic_authentication": [],
                "content_matchers": [],
                "enable_cookies": false,
                "final_endpoint": "",
                "follow_redirects": false,
                "request_headers": null,
                "request_method": "HTTP",
                "request_payload": null,
                "request_payload_raw": "",
                "status_codes": [
                  "200"
                ],
                "timeout": 15,
                "user_agent": "",
                "validate_ssl": true
              }
            ],
            "icmp_check": [],
            "id": "7530479",
            "locations": [],
            "monitored_resource": [
              {
                "address": "https://xkcd.com",
                "host": ""
              }
            ],
            "name": "xkcd website Status Up Check",
            "paused": false,
            "regions": null,
            "tags": [
              "development"
            ],
            "tcp_check": [],
            "trigger_rate": 10
          },
          "sensitive_attributes": [],
          "private": "bnVsbA=="
        }
      ]
    }
  ],
  "check_results": null
}
